
Microsoft Visual Studio Solution File, Format Version 12.00
# Visual Studio Version 17
VisualStudioVersion = 17.6.33829.357
MinimumVisualStudioVersion = 10.0.40219.1
Project("{8BC9CEB8-8B4A-11D0-8D11-00A0C91BC942}") = "ImGuiTest", "ImGuiTest.vcxproj", "{DD8A0067-76D5-40BD-A2E1-E5DA35A36CE0}"
EndProject
Global
	GlobalSection(SolutionConfigurationPlatforms) = preSolution
		Debug|x64 = Debug|x64
		Debug|x86 = Debug|x86
		Release|x64 = Release|x64
		Release|x86 = Release|x86
	EndGlobalSection
	GlobalSection(ProjectConfigurationPlatforms) = postSolution
		{DD8A0067-76D5-40BD-A2E1-E5DA35A36CE0}.Debug|x64.ActiveCfg = Debug|x64
		{DD8A0067-76D5-40BD-A2E1-E5DA35A36CE0}.Debug|x64.Build.0 = Debug|x64
		{DD8A0067-76D5-40BD-A2E1-E5DA35A36CE0}.Debug|x86.ActiveCfg = Debug|Win32
		{DD8A0067-76D5-40BD-A2E1-E5DA35A36CE0}.Debug|x86.Build.0 = Debug|Win32
		{DD8A0067-76D5-40BD-A2E1-E5DA35A36CE0}.Release|x64.ActiveCfg = Release|x64
		{DD8A0067-76D5-40BD-A2E1-E5DA35A36CE0}.Release|x64.Build.0 = Release|x64
		{DD8A0067-76D5-40BD-A2E1-E5DA35A36CE0}.Release|x86.ActiveCfg = Release|Win32
		{DD8A0067-76D5-40BD-A2E1-E5DA35A36CE0}.Release|x86.Build.0 = Release|Win32
	EndGlobalSection
	GlobalSection(SolutionProperties) = preSolution
		HideSolutionNode = FALSE
	EndGlobalSection
	GlobalSection(ExtensibilityGlobals) = postSolution
		SolutionGuid = {93372A88-15F6-437D-B90E-8F7F882FE349}
	EndGlobalSection
EndGlobal
