
Microsoft Visual Studio Solution File, Format Version 12.00
# Visual Studio Version 17
Project("{2150E333-8FDC-42A3-9474-1A3956D46DE8}") = "CMakePredefinedTargets", "CMakePredefinedTargets", "{9422913F-9E90-3DDC-BBDF-F95D9A0D0B77}"
EndProject
Project("{2150E333-8FDC-42A3-9474-1A3956D46DE8}") = "examples", "examples", "{7BD39F77-FA85-361B-9E3F-C30E16F0EFA5}"
EndProject
Project("{2150E333-8FDC-42A3-9474-1A3956D46DE8}") = "external", "external", "{A567FD2D-E861-39C1-ABF1-517221F6DF48}"
EndProject
Project("{8BC9CEB8-8B4A-11D0-8D11-00A0C91BC942}") = "ALL_BUILD", "ALL_BUILD.vcxproj", "{09FBDD0F-5F53-3EBB-B116-25D5A5FC59BC}"
	ProjectSection(ProjectDependencies) = postProject
		{117820CB-7CFB-30E4-B082-9FB2A8B84AC7} = {117820CB-7CFB-30E4-B082-9FB2A8B84AC7}
		{75D5FD8C-3FC9-3B4E-9B1D-15A183A0353C} = {75D5FD8C-3FC9-3B4E-9B1D-15A183A0353C}
		{ACF0D136-F5F5-3293-8D3D-F2FFB544F6B6} = {ACF0D136-F5F5-3293-8D3D-F2FFB544F6B6}
	EndProjectSection
EndProject
Project("{8BC9CEB8-8B4A-11D0-8D11-00A0C91BC942}") = "ZERO_CHECK", "..\\ZERO_CHECK.vcxproj", "{117820CB-7CFB-30E4-B082-9FB2A8B84AC7}"
	ProjectSection(ProjectDependencies) = postProject
	EndProjectSection
EndProject
Project("{8BC9CEB8-8B4A-11D0-8D11-00A0C91BC942}") = "application", "..\application\application.vcxproj", "{A387D7FF-E081-3638-8C93-25668D03083F}"
	ProjectSection(ProjectDependencies) = postProject
		{117820CB-7CFB-30E4-B082-9FB2A8B84AC7} = {117820CB-7CFB-30E4-B082-9FB2A8B84AC7}
		{7E9F4A23-B2BC-3DB0-890B-8D2D0FF7A9B8} = {7E9F4A23-B2BC-3DB0-890B-8D2D0FF7A9B8}
		{D46059DF-B888-302C-BC1A-9D2CC491DE08} = {D46059DF-B888-302C-BC1A-9D2CC491DE08}
	EndProjectSection
EndProject
Project("{8BC9CEB8-8B4A-11D0-8D11-00A0C91BC942}") = "canvas-example", "canvas-example.vcxproj", "{75D5FD8C-3FC9-3B4E-9B1D-15A183A0353C}"
	ProjectSection(ProjectDependencies) = postProject
		{117820CB-7CFB-30E4-B082-9FB2A8B84AC7} = {117820CB-7CFB-30E4-B082-9FB2A8B84AC7}
		{A387D7FF-E081-3638-8C93-25668D03083F} = {A387D7FF-E081-3638-8C93-25668D03083F}
		{7E9F4A23-B2BC-3DB0-890B-8D2D0FF7A9B8} = {7E9F4A23-B2BC-3DB0-890B-8D2D0FF7A9B8}
		{D46059DF-B888-302C-BC1A-9D2CC491DE08} = {D46059DF-B888-302C-BC1A-9D2CC491DE08}
		{ACF0D136-F5F5-3293-8D3D-F2FFB544F6B6} = {ACF0D136-F5F5-3293-8D3D-F2FFB544F6B6}
	EndProjectSection
EndProject
Project("{8BC9CEB8-8B4A-11D0-8D11-00A0C91BC942}") = "dxerr", "..\application\dxerr.vcxproj", "{7E9F4A23-B2BC-3DB0-890B-8D2D0FF7A9B8}"
	ProjectSection(ProjectDependencies) = postProject
		{117820CB-7CFB-30E4-B082-9FB2A8B84AC7} = {117820CB-7CFB-30E4-B082-9FB2A8B84AC7}
	EndProjectSection
EndProject
Project("{8BC9CEB8-8B4A-11D0-8D11-00A0C91BC942}") = "imgui", "..\external\imgui\imgui.vcxproj", "{D46059DF-B888-302C-BC1A-9D2CC491DE08}"
	ProjectSection(ProjectDependencies) = postProject
		{117820CB-7CFB-30E4-B082-9FB2A8B84AC7} = {117820CB-7CFB-30E4-B082-9FB2A8B84AC7}
	EndProjectSection
EndProject
Project("{8BC9CEB8-8B4A-11D0-8D11-00A0C91BC942}") = "imgui_node_editor", "imgui_node_editor.vcxproj", "{ACF0D136-F5F5-3293-8D3D-F2FFB544F6B6}"
	ProjectSection(ProjectDependencies) = postProject
		{117820CB-7CFB-30E4-B082-9FB2A8B84AC7} = {117820CB-7CFB-30E4-B082-9FB2A8B84AC7}
		{D46059DF-B888-302C-BC1A-9D2CC491DE08} = {D46059DF-B888-302C-BC1A-9D2CC491DE08}
	EndProjectSection
EndProject
Global
	GlobalSection(SolutionConfigurationPlatforms) = preSolution
		Debug|x64 = Debug|x64
		Release|x64 = Release|x64
		MinSizeRel|x64 = MinSizeRel|x64
		RelWithDebInfo|x64 = RelWithDebInfo|x64
	EndGlobalSection
	GlobalSection(ProjectConfigurationPlatforms) = postSolution
		{09FBDD0F-5F53-3EBB-B116-25D5A5FC59BC}.Debug|x64.ActiveCfg = Debug|x64
		{09FBDD0F-5F53-3EBB-B116-25D5A5FC59BC}.Release|x64.ActiveCfg = Release|x64
		{09FBDD0F-5F53-3EBB-B116-25D5A5FC59BC}.MinSizeRel|x64.ActiveCfg = MinSizeRel|x64
		{09FBDD0F-5F53-3EBB-B116-25D5A5FC59BC}.RelWithDebInfo|x64.ActiveCfg = RelWithDebInfo|x64
		{117820CB-7CFB-30E4-B082-9FB2A8B84AC7}.Debug|x64.ActiveCfg = Debug|x64
		{117820CB-7CFB-30E4-B082-9FB2A8B84AC7}.Debug|x64.Build.0 = Debug|x64
		{117820CB-7CFB-30E4-B082-9FB2A8B84AC7}.Release|x64.ActiveCfg = Release|x64
		{117820CB-7CFB-30E4-B082-9FB2A8B84AC7}.Release|x64.Build.0 = Release|x64
		{117820CB-7CFB-30E4-B082-9FB2A8B84AC7}.MinSizeRel|x64.ActiveCfg = MinSizeRel|x64
		{117820CB-7CFB-30E4-B082-9FB2A8B84AC7}.MinSizeRel|x64.Build.0 = MinSizeRel|x64
		{117820CB-7CFB-30E4-B082-9FB2A8B84AC7}.RelWithDebInfo|x64.ActiveCfg = RelWithDebInfo|x64
		{117820CB-7CFB-30E4-B082-9FB2A8B84AC7}.RelWithDebInfo|x64.Build.0 = RelWithDebInfo|x64
		{A387D7FF-E081-3638-8C93-25668D03083F}.Debug|x64.ActiveCfg = Debug|x64
		{A387D7FF-E081-3638-8C93-25668D03083F}.Debug|x64.Build.0 = Debug|x64
		{A387D7FF-E081-3638-8C93-25668D03083F}.Release|x64.ActiveCfg = Release|x64
		{A387D7FF-E081-3638-8C93-25668D03083F}.Release|x64.Build.0 = Release|x64
		{A387D7FF-E081-3638-8C93-25668D03083F}.MinSizeRel|x64.ActiveCfg = MinSizeRel|x64
		{A387D7FF-E081-3638-8C93-25668D03083F}.MinSizeRel|x64.Build.0 = MinSizeRel|x64
		{A387D7FF-E081-3638-8C93-25668D03083F}.RelWithDebInfo|x64.ActiveCfg = RelWithDebInfo|x64
		{A387D7FF-E081-3638-8C93-25668D03083F}.RelWithDebInfo|x64.Build.0 = RelWithDebInfo|x64
		{75D5FD8C-3FC9-3B4E-9B1D-15A183A0353C}.Debug|x64.ActiveCfg = Debug|x64
		{75D5FD8C-3FC9-3B4E-9B1D-15A183A0353C}.Debug|x64.Build.0 = Debug|x64
		{75D5FD8C-3FC9-3B4E-9B1D-15A183A0353C}.Release|x64.ActiveCfg = Release|x64
		{75D5FD8C-3FC9-3B4E-9B1D-15A183A0353C}.Release|x64.Build.0 = Release|x64
		{75D5FD8C-3FC9-3B4E-9B1D-15A183A0353C}.MinSizeRel|x64.ActiveCfg = MinSizeRel|x64
		{75D5FD8C-3FC9-3B4E-9B1D-15A183A0353C}.MinSizeRel|x64.Build.0 = MinSizeRel|x64
		{75D5FD8C-3FC9-3B4E-9B1D-15A183A0353C}.RelWithDebInfo|x64.ActiveCfg = RelWithDebInfo|x64
		{75D5FD8C-3FC9-3B4E-9B1D-15A183A0353C}.RelWithDebInfo|x64.Build.0 = RelWithDebInfo|x64
		{7E9F4A23-B2BC-3DB0-890B-8D2D0FF7A9B8}.Debug|x64.ActiveCfg = Debug|x64
		{7E9F4A23-B2BC-3DB0-890B-8D2D0FF7A9B8}.Debug|x64.Build.0 = Debug|x64
		{7E9F4A23-B2BC-3DB0-890B-8D2D0FF7A9B8}.Release|x64.ActiveCfg = Release|x64
		{7E9F4A23-B2BC-3DB0-890B-8D2D0FF7A9B8}.Release|x64.Build.0 = Release|x64
		{7E9F4A23-B2BC-3DB0-890B-8D2D0FF7A9B8}.MinSizeRel|x64.ActiveCfg = MinSizeRel|x64
		{7E9F4A23-B2BC-3DB0-890B-8D2D0FF7A9B8}.MinSizeRel|x64.Build.0 = MinSizeRel|x64
		{7E9F4A23-B2BC-3DB0-890B-8D2D0FF7A9B8}.RelWithDebInfo|x64.ActiveCfg = RelWithDebInfo|x64
		{7E9F4A23-B2BC-3DB0-890B-8D2D0FF7A9B8}.RelWithDebInfo|x64.Build.0 = RelWithDebInfo|x64
		{D46059DF-B888-302C-BC1A-9D2CC491DE08}.Debug|x64.ActiveCfg = Debug|x64
		{D46059DF-B888-302C-BC1A-9D2CC491DE08}.Debug|x64.Build.0 = Debug|x64
		{D46059DF-B888-302C-BC1A-9D2CC491DE08}.Release|x64.ActiveCfg = Release|x64
		{D46059DF-B888-302C-BC1A-9D2CC491DE08}.Release|x64.Build.0 = Release|x64
		{D46059DF-B888-302C-BC1A-9D2CC491DE08}.MinSizeRel|x64.ActiveCfg = MinSizeRel|x64
		{D46059DF-B888-302C-BC1A-9D2CC491DE08}.MinSizeRel|x64.Build.0 = MinSizeRel|x64
		{D46059DF-B888-302C-BC1A-9D2CC491DE08}.RelWithDebInfo|x64.ActiveCfg = RelWithDebInfo|x64
		{D46059DF-B888-302C-BC1A-9D2CC491DE08}.RelWithDebInfo|x64.Build.0 = RelWithDebInfo|x64
		{ACF0D136-F5F5-3293-8D3D-F2FFB544F6B6}.Debug|x64.ActiveCfg = Debug|x64
		{ACF0D136-F5F5-3293-8D3D-F2FFB544F6B6}.Debug|x64.Build.0 = Debug|x64
		{ACF0D136-F5F5-3293-8D3D-F2FFB544F6B6}.Release|x64.ActiveCfg = Release|x64
		{ACF0D136-F5F5-3293-8D3D-F2FFB544F6B6}.Release|x64.Build.0 = Release|x64
		{ACF0D136-F5F5-3293-8D3D-F2FFB544F6B6}.MinSizeRel|x64.ActiveCfg = MinSizeRel|x64
		{ACF0D136-F5F5-3293-8D3D-F2FFB544F6B6}.MinSizeRel|x64.Build.0 = MinSizeRel|x64
		{ACF0D136-F5F5-3293-8D3D-F2FFB544F6B6}.RelWithDebInfo|x64.ActiveCfg = RelWithDebInfo|x64
		{ACF0D136-F5F5-3293-8D3D-F2FFB544F6B6}.RelWithDebInfo|x64.Build.0 = RelWithDebInfo|x64
	EndGlobalSection
	GlobalSection(NestedProjects) = preSolution
		{09FBDD0F-5F53-3EBB-B116-25D5A5FC59BC} = {9422913F-9E90-3DDC-BBDF-F95D9A0D0B77}
		{117820CB-7CFB-30E4-B082-9FB2A8B84AC7} = {9422913F-9E90-3DDC-BBDF-F95D9A0D0B77}
		{A387D7FF-E081-3638-8C93-25668D03083F} = {7BD39F77-FA85-361B-9E3F-C30E16F0EFA5}
		{75D5FD8C-3FC9-3B4E-9B1D-15A183A0353C} = {7BD39F77-FA85-361B-9E3F-C30E16F0EFA5}
		{7E9F4A23-B2BC-3DB0-890B-8D2D0FF7A9B8} = {A567FD2D-E861-39C1-ABF1-517221F6DF48}
		{D46059DF-B888-302C-BC1A-9D2CC491DE08} = {A567FD2D-E861-39C1-ABF1-517221F6DF48}
	EndGlobalSection
	GlobalSection(ExtensibilityGlobals) = postSolution
		SolutionGuid = {613199D2-E7DF-3FF0-A25A-28B6D55233B1}
	EndGlobalSection
	GlobalSection(ExtensibilityAddIns) = postSolution
	EndGlobalSection
EndGlobal
