<?xml version="1.0" encoding="utf-8"?>
<Project ToolsVersion="17.0" xmlns="http://schemas.microsoft.com/developer/msbuild/2003">
  <ItemGroup>
    <ClCompile Include="F:\Github\imgui-node-editor-master\external\DXSDK\src\dxerr.cpp">
      <Filter>Source Files</Filter>
    </ClCompile>
  </ItemGroup>
  <ItemGroup>
    <CustomBuild Include="F:\Github\imgui-node-editor-master\examples\application\CMakeLists.txt" />
  </ItemGroup>
  <ItemGroup>
    <Filter Include="Source Files">
      <UniqueIdentifier>{71C602C3-13F6-3E26-925F-F2408056A016}</UniqueIdentifier>
    </Filter>
  </ItemGroup>
</Project>
