<?xml version="1.0" encoding="utf-8"?>
<Project ToolsVersion="17.0" xmlns="http://schemas.microsoft.com/developer/msbuild/2003">
  <ItemGroup>
    <ClCompile Include="F:\Github\imgui-node-editor-master\examples\widgets-example\widgets-example.cpp" />
  </ItemGroup>
  <ItemGroup>
    <CustomBuild Include="F:\Github\imgui-node-editor-master\examples\widgets-example\CMakeLists.txt" />
  </ItemGroup>
  <ItemGroup>
    <None Include="F:\Github\imgui-node-editor-master\examples\data\Cuprum-Bold.ttf">
      <Filter>data</Filter>
    </None>
    <None Include="F:\Github\imgui-node-editor-master\examples\data\Cuprum-OFL.txt">
      <Filter>data</Filter>
    </None>
    <None Include="F:\Github\imgui-node-editor-master\examples\data\Oswald-OFL.txt">
      <Filter>data</Filter>
    </None>
    <None Include="F:\Github\imgui-node-editor-master\examples\data\Oswald-Regular.ttf">
      <Filter>data</Filter>
    </None>
    <None Include="F:\Github\imgui-node-editor-master\examples\data\Play-OFL.txt">
      <Filter>data</Filter>
    </None>
    <None Include="F:\Github\imgui-node-editor-master\examples\data\Play-Regular.ttf">
      <Filter>data</Filter>
    </None>
  </ItemGroup>
  <ItemGroup>
    <ResourceCompile Include="F:\Github\imgui-node-editor-master\examples\blueprints-example\data\widgets-example\Resource.rc">
      <Filter>resources</Filter>
    </ResourceCompile>
  </ItemGroup>
  <ItemGroup>
    <Filter Include="data">
      <UniqueIdentifier>{52E380C1-C97C-3FDC-B569-1CDAD6C13E3F}</UniqueIdentifier>
    </Filter>
    <Filter Include="resources">
      <UniqueIdentifier>{8B2DFCF0-7AC3-3726-AE1E-653FD0DBFDD0}</UniqueIdentifier>
    </Filter>
  </ItemGroup>
</Project>
